# This file is autogenerated, do not edit; changes may be undone by the next 'dep ensure'.


[[projects]]
  branch = "master"
  name = "github.com/Arafatk/glot"
  packages = ["."]
  revision = "06cb684c4517e95f82f6e936a497195c8704cb72"

[[projects]]
  branch = "master"
  name = "gonum.org/v1/gonum"
  packages = [
    "blas",
    "blas/blas64",
    "blas/gonum",
    "floats",
    "internal/asm/c128",
    "internal/asm/f32",
    "internal/asm/f64",
    "internal/math32",
    "lapack",
    "lapack/gonum",
    "lapack/lapack64",
    "mat"
  ]
  revision = "ad5995341f50f70b5f9667a5409d7c1d1005ab14"

[solve-meta]
  analyzer-name = "dep"
  analyzer-version = 1
  inputs-digest = "9fc61cf6ba42f1ad26c2ac894878515bc1ba20034ac7d5f4246657d67492a430"
  solver-name = "gps-cdcl"
  solver-version = 1
